// !$*UTF8*$!
{
	archiveVersion = 1;
	classes = {
	};
	objectVersion = 50;
	objects = {

/* Begin PBXBuildFile section */
		7790EDB6244B416900C6950F /* FormattedText.swift in Sources */ = {isa = PBXBuildFile; fileRef = 7790EDB5244B416900C6950F /* FormattedText.swift */; };
		7790EDBA244B434D00C6950F /* Images.swift in Sources */ = {isa = PBXBuildFile; fileRef = 7790EDB9244B434D00C6950F /* Images.swift */; };
		7790EDBC244B4E0800C6950F /* ScaleImageView.swift in Sources */ = {isa = PBXBuildFile; fileRef = 7790EDBB244B4E0800C6950F /* ScaleImageView.swift */; };
		7790EDBE244B4E8600C6950F /* TileImage.swift in Sources */ = {isa = PBXBuildFile; fileRef = 7790EDBD244B4E8600C6950F /* TileImage.swift */; };
		7790EDC1244B4F6D00C6950F /* RenderGradient.swift in Sources */ = {isa = PBXBuildFile; fileRef = 7790EDC0244B4F6D00C6950F /* RenderGradient.swift */; };
		7790EDC3244B525600C6950F /* Shapes.swift in Sources */ = {isa = PBXBuildFile; fileRef = 7790EDC2244B525600C6950F /* Shapes.swift */; };
		7790EDC7244B531800C6950F /* Backgrounds.swift in Sources */ = {isa = PBXBuildFile; fileRef = 7790EDC6244B531800C6950F /* Backgrounds.swift */; };
		7790EDCA244B555100C6950F /* StackViews.swift in Sources */ = {isa = PBXBuildFile; fileRef = 7790EDC9244B555100C6950F /* StackViews.swift */; };
		7790EDCD244B568E00C6950F /* Paddings.swift in Sources */ = {isa = PBXBuildFile; fileRef = 7790EDCC244B568E00C6950F /* Paddings.swift */; };
		7790EDD0244B5A2000C6950F /* Spacers.swift in Sources */ = {isa = PBXBuildFile; fileRef = 7790EDCF244B5A2000C6950F /* Spacers.swift */; };
		7790EDD2244B5B9B00C6950F /* ZStackViews.swift in Sources */ = {isa = PBXBuildFile; fileRef = 7790EDD1244B5B9B00C6950F /* ZStackViews.swift */; };
		7790EDD5244B5FDD00C6950F /* DifferentTypeViews.swift in Sources */ = {isa = PBXBuildFile; fileRef = 7790EDD4244B5FDD00C6950F /* DifferentTypeViews.swift */; };
		77DA4ADD244B3AE5006E66EB /* AppDelegate.swift in Sources */ = {isa = PBXBuildFile; fileRef = 77DA4ADC244B3AE5006E66EB /* AppDelegate.swift */; };
		77DA4ADF244B3AE5006E66EB /* SceneDelegate.swift in Sources */ = {isa = PBXBuildFile; fileRef = 77DA4ADE244B3AE5006E66EB /* SceneDelegate.swift */; };
		77DA4AE1244B3AE5006E66EB /* ContentView.swift in Sources */ = {isa = PBXBuildFile; fileRef = 77DA4AE0244B3AE5006E66EB /* ContentView.swift */; };
		77DA4AE3244B3AE9006E66EB /* Assets.xcassets in Resources */ = {isa = PBXBuildFile; fileRef = 77DA4AE2244B3AE9006E66EB /* Assets.xcassets */; };
		77DA4AE6244B3AE9006E66EB /* Preview Assets.xcassets in Resources */ = {isa = PBXBuildFile; fileRef = 77DA4AE5244B3AE9006E66EB /* Preview Assets.xcassets */; };
		77DA4AE9244B3AE9006E66EB /* LaunchScreen.storyboard in Resources */ = {isa = PBXBuildFile; fileRef = 77DA4AE7244B3AE9006E66EB /* LaunchScreen.storyboard */; };
		77DA4AF3244B3D8E006E66EB /* TextView.swift in Sources */ = {isa = PBXBuildFile; fileRef = 77DA4AF2244B3D8E006E66EB /* TextView.swift */; };
/* End PBXBuildFile section */

/* Begin PBXFileReference section */
		7790EDB5244B416900C6950F /* FormattedText.swift */ = {isa = PBXFileReference; lastKnownFileType = sourcecode.swift; path = FormattedText.swift; sourceTree = "<group>"; };
		7790EDB9244B434D00C6950F /* Images.swift */ = {isa = PBXFileReference; lastKnownFileType = sourcecode.swift; path = Images.swift; sourceTree = "<group>"; };
		7790EDBB244B4E0800C6950F /* ScaleImageView.swift */ = {isa = PBXFileReference; lastKnownFileType = sourcecode.swift; path = ScaleImageView.swift; sourceTree = "<group>"; };
		7790EDBD244B4E8600C6950F /* TileImage.swift */ = {isa = PBXFileReference; lastKnownFileType = sourcecode.swift; path = TileImage.swift; sourceTree = "<group>"; };
		7790EDC0244B4F6D00C6950F /* RenderGradient.swift */ = {isa = PBXFileReference; lastKnownFileType = sourcecode.swift; path = RenderGradient.swift; sourceTree = "<group>"; };
		7790EDC2244B525600C6950F /* Shapes.swift */ = {isa = PBXFileReference; lastKnownFileType = sourcecode.swift; path = Shapes.swift; sourceTree = "<group>"; };
		7790EDC6244B531800C6950F /* Backgrounds.swift */ = {isa = PBXFileReference; lastKnownFileType = sourcecode.swift; path = Backgrounds.swift; sourceTree = "<group>"; };
		7790EDC9244B555100C6950F /* StackViews.swift */ = {isa = PBXFileReference; lastKnownFileType = sourcecode.swift; path = StackViews.swift; sourceTree = "<group>"; };
		7790EDCC244B568E00C6950F /* Paddings.swift */ = {isa = PBXFileReference; lastKnownFileType = sourcecode.swift; path = Paddings.swift; sourceTree = "<group>"; };
		7790EDCF244B5A2000C6950F /* Spacers.swift */ = {isa = PBXFileReference; lastKnownFileType = sourcecode.swift; path = Spacers.swift; sourceTree = "<group>"; };
		7790EDD1244B5B9B00C6950F /* ZStackViews.swift */ = {isa = PBXFileReference; lastKnownFileType = sourcecode.swift; path = ZStackViews.swift; sourceTree = "<group>"; };
		7790EDD4244B5FDD00C6950F /* DifferentTypeViews.swift */ = {isa = PBXFileReference; lastKnownFileType = sourcecode.swift; path = DifferentTypeViews.swift; sourceTree = "<group>"; };
		77DA4AD9244B3AE5006E66EB /* SwiftUIBook.app */ = {isa = PBXFileReference; explicitFileType = wrapper.application; includeInIndex = 0; path = SwiftUIBook.app; sourceTree = BUILT_PRODUCTS_DIR; };
		77DA4ADC244B3AE5006E66EB /* AppDelegate.swift */ = {isa = PBXFileReference; lastKnownFileType = sourcecode.swift; path = AppDelegate.swift; sourceTree = "<group>"; };
		77DA4ADE244B3AE5006E66EB /* SceneDelegate.swift */ = {isa = PBXFileReference; lastKnownFileType = sourcecode.swift; path = SceneDelegate.swift; sourceTree = "<group>"; };
		77DA4AE0244B3AE5006E66EB /* ContentView.swift */ = {isa = PBXFileReference; lastKnownFileType = sourcecode.swift; path = ContentView.swift; sourceTree = "<group>"; };
		77DA4AE2244B3AE9006E66EB /* Assets.xcassets */ = {isa = PBXFileReference; lastKnownFileType = folder.assetcatalog; path = Assets.xcassets; sourceTree = "<group>"; };
		77DA4AE5244B3AE9006E66EB /* Preview Assets.xcassets */ = {isa = PBXFileReference; lastKnownFileType = folder.assetcatalog; path = "Preview Assets.xcassets"; sourceTree = "<group>"; };
		77DA4AE8244B3AE9006E66EB /* Base */ = {isa = PBXFileReference; lastKnownFileType = file.storyboard; name = Base; path = Base.lproj/LaunchScreen.storyboard; sourceTree = "<group>"; };
		77DA4AEA244B3AE9006E66EB /* Info.plist */ = {isa = PBXFileReference; lastKnownFileType = text.plist.xml; path = Info.plist; sourceTree = "<group>"; };
		77DA4AF2244B3D8E006E66EB /* TextView.swift */ = {isa = PBXFileReference; lastKnownFileType = sourcecode.swift; path = TextView.swift; sourceTree = "<group>"; };
/* End PBXFileReference section */

/* Begin PBXFrameworksBuildPhase section */
		77DA4AD6244B3AE5006E66EB /* Frameworks */ = {
			isa = PBXFrameworksBuildPhase;
			buildActionMask = 2147483647;
			files = (
			);
			runOnlyForDeploymentPostprocessing = 0;
		};
/* End PBXFrameworksBuildPhase section */

/* Begin PBXGroup section */
		7790EDB8244B432600C6950F /* Images */ = {
			isa = PBXGroup;
			children = (
				7790EDB9244B434D00C6950F /* Images.swift */,
				7790EDBB244B4E0800C6950F /* ScaleImageView.swift */,
				7790EDBD244B4E8600C6950F /* TileImage.swift */,
			);
			path = Images;
			sourceTree = "<group>";
		};
		7790EDBF244B4F5400C6950F /* Gradient */ = {
			isa = PBXGroup;
			children = (
				7790EDC0244B4F6D00C6950F /* RenderGradient.swift */,
			);
			path = Gradient;
			sourceTree = "<group>";
		};
		7790EDC4244B52ED00C6950F /* Shapes */ = {
			isa = PBXGroup;
			children = (
				7790EDC2244B525600C6950F /* Shapes.swift */,
			);
			path = Shapes;
			sourceTree = "<group>";
		};
		7790EDC5244B530A00C6950F /* Background */ = {
			isa = PBXGroup;
			children = (
				7790EDC6244B531800C6950F /* Backgrounds.swift */,
			);
			path = Background;
			sourceTree = "<group>";
		};
		7790EDC8244B551E00C6950F /* StackViews */ = {
			isa = PBXGroup;
			children = (
				7790EDC9244B555100C6950F /* StackViews.swift */,
				7790EDD1244B5B9B00C6950F /* ZStackViews.swift */,
			);
			path = StackViews;
			sourceTree = "<group>";
		};
		7790EDCB244B567F00C6950F /* Paddings */ = {
			isa = PBXGroup;
			children = (
				7790EDCC244B568E00C6950F /* Paddings.swift */,
			);
			path = Paddings;
			sourceTree = "<group>";
		};
		7790EDCE244B5A1100C6950F /* Spacers */ = {
			isa = PBXGroup;
			children = (
				7790EDCF244B5A2000C6950F /* Spacers.swift */,
			);
			path = Spacers;
			sourceTree = "<group>";
		};
		7790EDD3244B5FCA00C6950F /* Views */ = {
			isa = PBXGroup;
			children = (
				7790EDD4244B5FDD00C6950F /* DifferentTypeViews.swift */,
			);
			path = Views;
			sourceTree = "<group>";
		};
		77DA4AD0244B3AE5006E66EB = {
			isa = PBXGroup;
			children = (
				77DA4ADB244B3AE5006E66EB /* SwiftUIBook */,
				77DA4ADA244B3AE5006E66EB /* Products */,
			);
			sourceTree = "<group>";
		};
		77DA4ADA244B3AE5006E66EB /* Products */ = {
			isa = PBXGroup;
			children = (
				77DA4AD9244B3AE5006E66EB /* SwiftUIBook.app */,
			);
			name = Products;
			sourceTree = "<group>";
		};
		77DA4ADB244B3AE5006E66EB /* SwiftUIBook */ = {
			isa = PBXGroup;
			children = (
				77DA4ADC244B3AE5006E66EB /* AppDelegate.swift */,
				77DA4ADE244B3AE5006E66EB /* SceneDelegate.swift */,
				77DA4AE0244B3AE5006E66EB /* ContentView.swift */,
				77DA4AE2244B3AE9006E66EB /* Assets.xcassets */,
				77DA4AE7244B3AE9006E66EB /* LaunchScreen.storyboard */,
				77DA4AEA244B3AE9006E66EB /* Info.plist */,
				7790EDC5244B530A00C6950F /* Background */,
				7790EDBF244B4F5400C6950F /* Gradient */,
				7790EDB8244B432600C6950F /* Images */,
				7790EDCB244B567F00C6950F /* Paddings */,
				7790EDCE244B5A1100C6950F /* Spacers */,
				7790EDC8244B551E00C6950F /* StackViews */,
				7790EDC4244B52ED00C6950F /* Shapes */,
				77DA4AF1244B3BFE006E66EB /* Text */,
				7790EDD3244B5FCA00C6950F /* Views */,
				77DA4AE4244B3AE9006E66EB /* Preview Content */,
			);
			path = SwiftUIBook;
			sourceTree = "<group>";
		};
		77DA4AE4244B3AE9006E66EB /* Preview Content */ = {
			isa = PBXGroup;
			children = (
				77DA4AE5244B3AE9006E66EB /* Preview Assets.xcassets */,
			);
			path = "Preview Content";
			sourceTree = "<group>";
		};
		77DA4AF1244B3BFE006E66EB /* Text */ = {
			isa = PBXGroup;
			children = (
				77DA4AF2244B3D8E006E66EB /* TextView.swift */,
				7790EDB5244B416900C6950F /* FormattedText.swift */,
			);
			path = Text;
			sourceTree = "<group>";
		};
/* End PBXGroup section */

/* Begin PBXNativeTarget section */
		77DA4AD8244B3AE5006E66EB /* SwiftUIBook */ = {
			isa = PBXNativeTarget;
			buildConfigurationList = 77DA4AED244B3AEA006E66EB /* Build configuration list for PBXNativeTarget "SwiftUIBook" */;
			buildPhases = (
				77DA4AD5244B3AE5006E66EB /* Sources */,
				77DA4AD6244B3AE5006E66EB /* Frameworks */,
				77DA4AD7244B3AE5006E66EB /* Resources */,
			);
			buildRules = (
			);
			dependencies = (
			);
			name = SwiftUIBook;
			productName = SwiftUIBook;
			productReference = 77DA4AD9244B3AE5006E66EB /* SwiftUIBook.app */;
			productType = "com.apple.product-type.application";
		};
/* End PBXNativeTarget section */

/* Begin PBXProject section */
		77DA4AD1244B3AE5006E66EB /* Project object */ = {
			isa = PBXProject;
			attributes = {
				LastSwiftUpdateCheck = 1140;
				LastUpgradeCheck = 1140;
				ORGANIZATIONNAME = "Marco Driessen";
				TargetAttributes = {
					77DA4AD8244B3AE5006E66EB = {
						CreatedOnToolsVersion = 11.4.1;
					};
				};
			};
			buildConfigurationList = 77DA4AD4244B3AE5006E66EB /* Build configuration list for PBXProject "SwiftUIBook" */;
			compatibilityVersion = "Xcode 9.3";
			developmentRegion = en;
			hasScannedForEncodings = 0;
			knownRegions = (
				en,
				Base,
			);
			mainGroup = 77DA4AD0244B3AE5006E66EB;
			productRefGroup = 77DA4ADA244B3AE5006E66EB /* Products */;
			projectDirPath = "";
			projectRoot = "";
			targets = (
				77DA4AD8244B3AE5006E66EB /* SwiftUIBook */,
			);
		};
/* End PBXProject section */

/* Begin PBXResourcesBuildPhase section */
		77DA4AD7244B3AE5006E66EB /* Resources */ = {
			isa = PBXResourcesBuildPhase;
			buildActionMask = 2147483647;
			files = (
				77DA4AE9244B3AE9006E66EB /* LaunchScreen.storyboard in Resources */,
				77DA4AE6244B3AE9006E66EB /* Preview Assets.xcassets in Resources */,
				77DA4AE3244B3AE9006E66EB /* Assets.xcassets in Resources */,
			);
			runOnlyForDeploymentPostprocessing = 0;
		};
/* End PBXResourcesBuildPhase section */

/* Begin PBXSourcesBuildPhase section */
		77DA4AD5244B3AE5006E66EB /* Sources */ = {
			isa = PBXSourcesBuildPhase;
			buildActionMask = 2147483647;
			files = (
				7790EDCD244B568E00C6950F /* Paddings.swift in Sources */,
				77DA4ADD244B3AE5006E66EB /* AppDelegate.swift in Sources */,
				7790EDC7244B531800C6950F /* Backgrounds.swift in Sources */,
				7790EDBA244B434D00C6950F /* Images.swift in Sources */,
				7790EDCA244B555100C6950F /* StackViews.swift in Sources */,
				77DA4AF3244B3D8E006E66EB /* TextView.swift in Sources */,
				7790EDBE244B4E8600C6950F /* TileImage.swift in Sources */,
				77DA4ADF244B3AE5006E66EB /* SceneDelegate.swift in Sources */,
				7790EDC1244B4F6D00C6950F /* RenderGradient.swift in Sources */,
				7790EDD2244B5B9B00C6950F /* ZStackViews.swift in Sources */,
				7790EDD5244B5FDD00C6950F /* DifferentTypeViews.swift in Sources */,
				7790EDD0244B5A2000C6950F /* Spacers.swift in Sources */,
				7790EDBC244B4E0800C6950F /* ScaleImageView.swift in Sources */,
				7790EDC3244B525600C6950F /* Shapes.swift in Sources */,
				77DA4AE1244B3AE5006E66EB /* ContentView.swift in Sources */,
				7790EDB6244B416900C6950F /* FormattedText.swift in Sources */,
			);
			runOnlyForDeploymentPostprocessing = 0;
		};
/* End PBXSourcesBuildPhase section */

/* Begin PBXVariantGroup section */
		77DA4AE7244B3AE9006E66EB /* LaunchScreen.storyboard */ = {
			isa = PBXVariantGroup;
			children = (
				77DA4AE8244B3AE9006E66EB /* Base */,
			);
			name = LaunchScreen.storyboard;
			sourceTree = "<group>";
		};
/* End PBXVariantGroup section */

/* Begin XCBuildConfiguration section */
		77DA4AEB244B3AE9006E66EB /* Debug */ = {
			isa = XCBuildConfiguration;
			buildSettings = {
				ALWAYS_SEARCH_USER_PATHS = NO;
				CLANG_ANALYZER_NONNULL = YES;
				CLANG_ANALYZER_NUMBER_OBJECT_CONVERSION = YES_AGGRESSIVE;
				CLANG_CXX_LANGUAGE_STANDARD = "gnu++14";
				CLANG_CXX_LIBRARY = "libc++";
				CLANG_ENABLE_MODULES = YES;
				CLANG_ENABLE_OBJC_ARC = YES;
				CLANG_ENABLE_OBJC_WEAK = YES;
				CLANG_WARN_BLOCK_CAPTURE_AUTORELEASING = YES;
				CLANG_WARN_BOOL_CONVERSION = YES;
				CLANG_WARN_COMMA = YES;
				CLANG_WARN_CONSTANT_CONVERSION = YES;
				CLANG_WARN_DEPRECATED_OBJC_IMPLEMENTATIONS = YES;
				CLANG_WARN_DIRECT_OBJC_ISA_USAGE = YES_ERROR;
				CLANG_WARN_DOCUMENTATION_COMMENTS = YES;
				CLANG_WARN_EMPTY_BODY = YES;
				CLANG_WARN_ENUM_CONVERSION = YES;
				CLANG_WARN_INFINITE_RECURSION = YES;
				CLANG_WARN_INT_CONVERSION = YES;
				CLANG_WARN_NON_LITERAL_NULL_CONVERSION = YES;
				CLANG_WARN_OBJC_IMPLICIT_RETAIN_SELF = YES;
				CLANG_WARN_OBJC_LITERAL_CONVERSION = YES;
				CLANG_WARN_OBJC_ROOT_CLASS = YES_ERROR;
				CLANG_WARN_RANGE_LOOP_ANALYSIS = YES;
				CLANG_WARN_STRICT_PROTOTYPES = YES;
				CLANG_WARN_SUSPICIOUS_MOVE = YES;
				CLANG_WARN_UNGUARDED_AVAILABILITY = YES_AGGRESSIVE;
				CLANG_WARN_UNREACHABLE_CODE = YES;
				CLANG_WARN__DUPLICATE_METHOD_MATCH = YES;
				COPY_PHASE_STRIP = NO;
				DEBUG_INFORMATION_FORMAT = dwarf;
				ENABLE_STRICT_OBJC_MSGSEND = YES;
				ENABLE_TESTABILITY = YES;
				GCC_C_LANGUAGE_STANDARD = gnu11;
				GCC_DYNAMIC_NO_PIC = NO;
				GCC_NO_COMMON_BLOCKS = YES;
				GCC_OPTIMIZATION_LEVEL = 0;
				GCC_PREPROCESSOR_DEFINITIONS = (
					"DEBUG=1",
					"$(inherited)",
				);
				GCC_WARN_64_TO_32_BIT_CONVERSION = YES;
				GCC_WARN_ABOUT_RETURN_TYPE = YES_ERROR;
				GCC_WARN_UNDECLARED_SELECTOR = YES;
				GCC_WARN_UNINITIALIZED_AUTOS = YES_AGGRESSIVE;
				GCC_WARN_UNUSED_FUNCTION = YES;
				GCC_WARN_UNUSED_VARIABLE = YES;
				IPHONEOS_DEPLOYMENT_TARGET = 13.4;
				MTL_ENABLE_DEBUG_INFO = INCLUDE_SOURCE;
				MTL_FAST_MATH = YES;
				ONLY_ACTIVE_ARCH = YES;
				SDKROOT = iphoneos;
				SWIFT_ACTIVE_COMPILATION_CONDITIONS = DEBUG;
				SWIFT_OPTIMIZATION_LEVEL = "-Onone";
			};
			name = Debug;
		};
		77DA4AEC244B3AE9006E66EB /* Release */ = {
			isa = XCBuildConfiguration;
			buildSettings = {
				ALWAYS_SEARCH_USER_PATHS = NO;
				CLANG_ANALYZER_NONNULL = YES;
				CLANG_ANALYZER_NUMBER_OBJECT_CONVERSION = YES_AGGRESSIVE;
				CLANG_CXX_LANGUAGE_STANDARD = "gnu++14";
				CLANG_CXX_LIBRARY = "libc++";
				CLANG_ENABLE_MODULES = YES;
				CLANG_ENABLE_OBJC_ARC = YES;
				CLANG_ENABLE_OBJC_WEAK = YES;
				CLANG_WARN_BLOCK_CAPTURE_AUTORELEASING = YES;
				CLANG_WARN_BOOL_CONVERSION = YES;
				CLANG_WARN_COMMA = YES;
				CLANG_WARN_CONSTANT_CONVERSION = YES;
				CLANG_WARN_DEPRECATED_OBJC_IMPLEMENTATIONS = YES;
				CLANG_WARN_DIRECT_OBJC_ISA_USAGE = YES_ERROR;
				CLANG_WARN_DOCUMENTATION_COMMENTS = YES;
				CLANG_WARN_EMPTY_BODY = YES;
				CLANG_WARN_ENUM_CONVERSION = YES;
				CLANG_WARN_INFINITE_RECURSION = YES;
				CLANG_WARN_INT_CONVERSION = YES;
				CLANG_WARN_NON_LITERAL_NULL_CONVERSION = YES;
				CLANG_WARN_OBJC_IMPLICIT_RETAIN_SELF = YES;
				CLANG_WARN_OBJC_LITERAL_CONVERSION = YES;
				CLANG_WARN_OBJC_ROOT_CLASS = YES_ERROR;
				CLANG_WARN_RANGE_LOOP_ANALYSIS = YES;
				CLANG_WARN_STRICT_PROTOTYPES = YES;
				CLANG_WARN_SUSPICIOUS_MOVE = YES;
				CLANG_WARN_UNGUARDED_AVAILABILITY = YES_AGGRESSIVE;
				CLANG_WARN_UNREACHABLE_CODE = YES;
				CLANG_WARN__DUPLICATE_METHOD_MATCH = YES;
				COPY_PHASE_STRIP = NO;
				DEBUG_INFORMATION_FORMAT = "dwarf-with-dsym";
				ENABLE_NS_ASSERTIONS = NO;
				ENABLE_STRICT_OBJC_MSGSEND = YES;
				GCC_C_LANGUAGE_STANDARD = gnu11;
				GCC_NO_COMMON_BLOCKS = YES;
				GCC_WARN_64_TO_32_BIT_CONVERSION = YES;
				GCC_WARN_ABOUT_RETURN_TYPE = YES_ERROR;
				GCC_WARN_UNDECLARED_SELECTOR = YES;
				GCC_WARN_UNINITIALIZED_AUTOS = YES_AGGRESSIVE;
				GCC_WARN_UNUSED_FUNCTION = YES;
				GCC_WARN_UNUSED_VARIABLE = YES;
				IPHONEOS_DEPLOYMENT_TARGET = 13.4;
				MTL_ENABLE_DEBUG_INFO = NO;
				MTL_FAST_MATH = YES;
				SDKROOT = iphoneos;
				SWIFT_COMPILATION_MODE = wholemodule;
				SWIFT_OPTIMIZATION_LEVEL = "-O";
				VALIDATE_PRODUCT = YES;
			};
			name = Release;
		};
		77DA4AEE244B3AEA006E66EB /* Debug */ = {
			isa = XCBuildConfiguration;
			buildSettings = {
				ASSETCATALOG_COMPILER_APPICON_NAME = AppIcon;
				CODE_SIGN_STYLE = Automatic;
				DEVELOPMENT_ASSET_PATHS = "\"SwiftUIBook/Preview Content\"";
				ENABLE_PREVIEWS = YES;
				INFOPLIST_FILE = SwiftUIBook/Info.plist;
				LD_RUNPATH_SEARCH_PATHS = (
					"$(inherited)",
					"@executable_path/Frameworks",
				);
				PRODUCT_BUNDLE_IDENTIFIER = com.marcodriessen.SwiftUIBook;
				PRODUCT_NAME = "$(TARGET_NAME)";
				SWIFT_VERSION = 5.0;
				TARGETED_DEVICE_FAMILY = "1,2";
			};
			name = Debug;
		};
		77DA4AEF244B3AEA006E66EB /* Release */ = {
			isa = XCBuildConfiguration;
			buildSettings = {
				ASSETCATALOG_COMPILER_APPICON_NAME = AppIcon;
				CODE_SIGN_STYLE = Automatic;
				DEVELOPMENT_ASSET_PATHS = "\"SwiftUIBook/Preview Content\"";
				ENABLE_PREVIEWS = YES;
				INFOPLIST_FILE = SwiftUIBook/Info.plist;
				LD_RUNPATH_SEARCH_PATHS = (
					"$(inherited)",
					"@executable_path/Frameworks",
				);
				PRODUCT_BUNDLE_IDENTIFIER = com.marcodriessen.SwiftUIBook;
				PRODUCT_NAME = "$(TARGET_NAME)";
				SWIFT_VERSION = 5.0;
				TARGETED_DEVICE_FAMILY = "1,2";
			};
			name = Release;
		};
/* End XCBuildConfiguration section */

/* Begin XCConfigurationList section */
		77DA4AD4244B3AE5006E66EB /* Build configuration list for PBXProject "SwiftUIBook" */ = {
			isa = XCConfigurationList;
			buildConfigurations = (
				77DA4AEB244B3AE9006E66EB /* Debug */,
				77DA4AEC244B3AE9006E66EB /* Release */,
			);
			defaultConfigurationIsVisible = 0;
			defaultConfigurationName = Release;
		};
		77DA4AED244B3AEA006E66EB /* Build configuration list for PBXNativeTarget "SwiftUIBook" */ = {
			isa = XCConfigurationList;
			buildConfigurations = (
				77DA4AEE244B3AEA006E66EB /* Debug */,
				77DA4AEF244B3AEA006E66EB /* Release */,
			);
			defaultConfigurationIsVisible = 0;
			defaultConfigurationName = Release;
		};
/* End XCConfigurationList section */
	};
	rootObject = 77DA4AD1244B3AE5006E66EB /* Project object */;
}
